
Microsoft Visual Studio Solution File, Format Version 12.00
# Visual Studio Version 17
VisualStudioVersion = 17.0.31903.59
MinimumVisualStudioVersion = 10.0.40219.1
Project("{2150E333-8FDC-42A3-9474-1A3956D46DE8}") = "src", "src", "{AC66D284-2D19-40C5-AE45-5E46DE754663}"
EndProject
Project("{FAE04EC0-301F-11D3-BF4B-00C04F79EFBC}") = "AuctionService", "src\AuctionService\AuctionService.csproj", "{D151D0BE-2147-4CDA-BB07-6A7140CD0207}"
EndProject
Project("{FAE04EC0-301F-11D3-BF4B-00C04F79EFBC}") = "SearchService", "src\SearchService\SearchService.csproj", "{096425B6-9020-4508-80DE-078DD64CFAFB}"
EndProject
Project("{FAE04EC0-301F-11D3-BF4B-00C04F79EFBC}") = "Contracts", "src\Contracts\Contracts.csproj", "{23ACB3A9-354E-40C6-B70F-F12305853AA7}"
EndProject
Project("{FAE04EC0-301F-11D3-BF4B-00C04F79EFBC}") = "IdentityService", "src\IdentityService\IdentityService.csproj", "{79EEE488-D10F-401E-809E-38A17553719B}"
EndProject
Project("{FAE04EC0-301F-11D3-BF4B-00C04F79EFBC}") = "GatewayService", "src\GatewayService\GatewayService.csproj", "{2E1CFFC7-F49F-4B48-ACE8-368347826AB4}"
EndProject
Project("{2150E333-8FDC-42A3-9474-1A3956D46DE8}") = "tests", "tests", "{3D01245A-4206-4D91-99F5-E41D8D9F4BCB}"
EndProject
Project("{FAE04EC0-301F-11D3-BF4B-00C04F79EFBC}") = "AuctionService.UnitTests", "tests\AuctionService.UnitTests\AuctionService.UnitTests.csproj", "{B8D92417-122D-45B5-865C-28239C9557A7}"
EndProject
Project("{FAE04EC0-301F-11D3-BF4B-00C04F79EFBC}") = "BiddingService", "src\BiddingService\BiddingService.csproj", "{A96D8224-D09A-4543-AAAD-5C17FC0C26C1}"
EndProject
Project("{FAE04EC0-301F-11D3-BF4B-00C04F79EFBC}") = "NotificationService", "src\NotificationService\NotificationService.csproj", "{7449152D-7170-42DB-B4A1-639CF46FBEFB}"
EndProject
Project("{FAE04EC0-301F-11D3-BF4B-00C04F79EFBC}") = "AuctionService.IntegrationTests", "tests\AuctionService.IntegrationTests\AuctionService.IntegrationTests.csproj", "{68BA5F29-A38E-4DAF-96CB-08EFD63963D6}"
EndProject
Global
	GlobalSection(SolutionConfigurationPlatforms) = preSolution
		Debug|Any CPU = Debug|Any CPU
		Release|Any CPU = Release|Any CPU
	EndGlobalSection
	GlobalSection(SolutionProperties) = preSolution
		HideSolutionNode = FALSE
	EndGlobalSection
	GlobalSection(ProjectConfigurationPlatforms) = postSolution
		{D151D0BE-2147-4CDA-BB07-6A7140CD0207}.Debug|Any CPU.ActiveCfg = Debug|Any CPU
		{D151D0BE-2147-4CDA-BB07-6A7140CD0207}.Debug|Any CPU.Build.0 = Debug|Any CPU
		{D151D0BE-2147-4CDA-BB07-6A7140CD0207}.Release|Any CPU.ActiveCfg = Release|Any CPU
		{D151D0BE-2147-4CDA-BB07-6A7140CD0207}.Release|Any CPU.Build.0 = Release|Any CPU
		{096425B6-9020-4508-80DE-078DD64CFAFB}.Debug|Any CPU.ActiveCfg = Debug|Any CPU
		{096425B6-9020-4508-80DE-078DD64CFAFB}.Debug|Any CPU.Build.0 = Debug|Any CPU
		{096425B6-9020-4508-80DE-078DD64CFAFB}.Release|Any CPU.ActiveCfg = Release|Any CPU
		{096425B6-9020-4508-80DE-078DD64CFAFB}.Release|Any CPU.Build.0 = Release|Any CPU
		{23ACB3A9-354E-40C6-B70F-F12305853AA7}.Debug|Any CPU.ActiveCfg = Debug|Any CPU
		{23ACB3A9-354E-40C6-B70F-F12305853AA7}.Debug|Any CPU.Build.0 = Debug|Any CPU
		{23ACB3A9-354E-40C6-B70F-F12305853AA7}.Release|Any CPU.ActiveCfg = Release|Any CPU
		{23ACB3A9-354E-40C6-B70F-F12305853AA7}.Release|Any CPU.Build.0 = Release|Any CPU
		{79EEE488-D10F-401E-809E-38A17553719B}.Debug|Any CPU.ActiveCfg = Debug|Any CPU
		{79EEE488-D10F-401E-809E-38A17553719B}.Debug|Any CPU.Build.0 = Debug|Any CPU
		{79EEE488-D10F-401E-809E-38A17553719B}.Release|Any CPU.ActiveCfg = Release|Any CPU
		{79EEE488-D10F-401E-809E-38A17553719B}.Release|Any CPU.Build.0 = Release|Any CPU
		{2E1CFFC7-F49F-4B48-ACE8-368347826AB4}.Debug|Any CPU.ActiveCfg = Debug|Any CPU
		{2E1CFFC7-F49F-4B48-ACE8-368347826AB4}.Debug|Any CPU.Build.0 = Debug|Any CPU
		{2E1CFFC7-F49F-4B48-ACE8-368347826AB4}.Release|Any CPU.ActiveCfg = Release|Any CPU
		{2E1CFFC7-F49F-4B48-ACE8-368347826AB4}.Release|Any CPU.Build.0 = Release|Any CPU
		{B8D92417-122D-45B5-865C-28239C9557A7}.Debug|Any CPU.ActiveCfg = Debug|Any CPU
		{B8D92417-122D-45B5-865C-28239C9557A7}.Debug|Any CPU.Build.0 = Debug|Any CPU
		{B8D92417-122D-45B5-865C-28239C9557A7}.Release|Any CPU.ActiveCfg = Release|Any CPU
		{B8D92417-122D-45B5-865C-28239C9557A7}.Release|Any CPU.Build.0 = Release|Any CPU
		{A96D8224-D09A-4543-AAAD-5C17FC0C26C1}.Debug|Any CPU.ActiveCfg = Debug|Any CPU
		{A96D8224-D09A-4543-AAAD-5C17FC0C26C1}.Debug|Any CPU.Build.0 = Debug|Any CPU
		{A96D8224-D09A-4543-AAAD-5C17FC0C26C1}.Release|Any CPU.ActiveCfg = Release|Any CPU
		{A96D8224-D09A-4543-AAAD-5C17FC0C26C1}.Release|Any CPU.Build.0 = Release|Any CPU
		{7449152D-7170-42DB-B4A1-639CF46FBEFB}.Debug|Any CPU.ActiveCfg = Debug|Any CPU
		{7449152D-7170-42DB-B4A1-639CF46FBEFB}.Debug|Any CPU.Build.0 = Debug|Any CPU
		{7449152D-7170-42DB-B4A1-639CF46FBEFB}.Release|Any CPU.ActiveCfg = Release|Any CPU
		{7449152D-7170-42DB-B4A1-639CF46FBEFB}.Release|Any CPU.Build.0 = Release|Any CPU
		{68BA5F29-A38E-4DAF-96CB-08EFD63963D6}.Debug|Any CPU.ActiveCfg = Debug|Any CPU
		{68BA5F29-A38E-4DAF-96CB-08EFD63963D6}.Debug|Any CPU.Build.0 = Debug|Any CPU
		{68BA5F29-A38E-4DAF-96CB-08EFD63963D6}.Release|Any CPU.ActiveCfg = Release|Any CPU
		{68BA5F29-A38E-4DAF-96CB-08EFD63963D6}.Release|Any CPU.Build.0 = Release|Any CPU
	EndGlobalSection
	GlobalSection(NestedProjects) = preSolution
		{D151D0BE-2147-4CDA-BB07-6A7140CD0207} = {AC66D284-2D19-40C5-AE45-5E46DE754663}
		{096425B6-9020-4508-80DE-078DD64CFAFB} = {AC66D284-2D19-40C5-AE45-5E46DE754663}
		{23ACB3A9-354E-40C6-B70F-F12305853AA7} = {AC66D284-2D19-40C5-AE45-5E46DE754663}
		{79EEE488-D10F-401E-809E-38A17553719B} = {AC66D284-2D19-40C5-AE45-5E46DE754663}
		{2E1CFFC7-F49F-4B48-ACE8-368347826AB4} = {AC66D284-2D19-40C5-AE45-5E46DE754663}
		{B8D92417-122D-45B5-865C-28239C9557A7} = {3D01245A-4206-4D91-99F5-E41D8D9F4BCB}
		{A96D8224-D09A-4543-AAAD-5C17FC0C26C1} = {AC66D284-2D19-40C5-AE45-5E46DE754663}
		{7449152D-7170-42DB-B4A1-639CF46FBEFB} = {AC66D284-2D19-40C5-AE45-5E46DE754663}
		{68BA5F29-A38E-4DAF-96CB-08EFD63963D6} = {3D01245A-4206-4D91-99F5-E41D8D9F4BCB}
	EndGlobalSection
EndGlobal
